// !$*UTF8*$!
{
	archiveVersion = 1;
	classes = {
	};
	objectVersion = 56;
	objects = {

/* Begin PBXBuildFile section */
		7D6F8C382C1F09A8005EAA8A /* Stock.swift in Sources */ = {isa = PBXBuildFile; fileRef = 7D6F8C372C1F09A8005EAA8A /* Stock.swift */; };
		7D6F8C3A2C1F0A64005EAA8A /* Storage.swift in Sources */ = {isa = PBXBuildFile; fileRef = 7D6F8C392C1F0A64005EAA8A /* Storage.swift */; };
		7D6F8C3C2C1F0A95005EAA8A /* Network.swift in Sources */ = {isa = PBXBuildFile; fileRef = 7D6F8C3B2C1F0A95005EAA8A /* Network.swift */; };
		7D72DAC82C1ED15A0066D073 /* AppDelegate.swift in Sources */ = {isa = PBXBuildFile; fileRef = 7D72DAC72C1ED15A0066D073 /* AppDelegate.swift */; };
		7D72DACA2C1ED15A0066D073 /* SceneDelegate.swift in Sources */ = {isa = PBXBuildFile; fileRef = 7D72DAC92C1ED15A0066D073 /* SceneDelegate.swift */; };
		7D72DACC2C1ED15A0066D073 /* ViewController.swift in Sources */ = {isa = PBXBuildFile; fileRef = 7D72DACB2C1ED15A0066D073 /* ViewController.swift */; };
		7D72DAD12C1ED15B0066D073 /* Assets.xcassets in Resources */ = {isa = PBXBuildFile; fileRef = 7D72DAD02C1ED15B0066D073 /* Assets.xcassets */; };
		7D72DAD42C1ED15B0066D073 /* LaunchScreen.storyboard in Resources */ = {isa = PBXBuildFile; fileRef = 7D72DAD22C1ED15B0066D073 /* LaunchScreen.storyboard */; };
		7D843C382C21C85A00020949 /* FiltersViewController.swift in Sources */ = {isa = PBXBuildFile; fileRef = 7D843C372C21C85A00020949 /* FiltersViewController.swift */; };
		7DAF5EE52C1F19F900B56F88 /* ItemCell.swift in Sources */ = {isa = PBXBuildFile; fileRef = 7DAF5EE42C1F19F900B56F88 /* ItemCell.swift */; };
		7DAF5EEA2C1F2CBC00B56F88 /* DetailsViewController.swift in Sources */ = {isa = PBXBuildFile; fileRef = 7DAF5EE92C1F2CBC00B56F88 /* DetailsViewController.swift */; };
		7DAF5EED2C1F3F7400B56F88 /* RxCocoa in Frameworks */ = {isa = PBXBuildFile; productRef = 7DAF5EEC2C1F3F7400B56F88 /* RxCocoa */; };
/* End PBXBuildFile section */

/* Begin PBXFileReference section */
		7D6F8C372C1F09A8005EAA8A /* Stock.swift */ = {isa = PBXFileReference; indentWidth = 4; lastKnownFileType = sourcecode.swift; path = Stock.swift; sourceTree = "<group>"; tabWidth = 4; };
		7D6F8C392C1F0A64005EAA8A /* Storage.swift */ = {isa = PBXFileReference; indentWidth = 4; lastKnownFileType = sourcecode.swift; path = Storage.swift; sourceTree = "<group>"; tabWidth = 4; };
		7D6F8C3B2C1F0A95005EAA8A /* Network.swift */ = {isa = PBXFileReference; indentWidth = 4; lastKnownFileType = sourcecode.swift; path = Network.swift; sourceTree = "<group>"; tabWidth = 4; };
		7D72DAC42C1ED15A0066D073 /* FRPSummerSchool.app */ = {isa = PBXFileReference; explicitFileType = wrapper.application; includeInIndex = 0; path = FRPSummerSchool.app; sourceTree = BUILT_PRODUCTS_DIR; };
		7D72DAC72C1ED15A0066D073 /* AppDelegate.swift */ = {isa = PBXFileReference; indentWidth = 4; lastKnownFileType = sourcecode.swift; path = AppDelegate.swift; sourceTree = "<group>"; tabWidth = 4; };
		7D72DAC92C1ED15A0066D073 /* SceneDelegate.swift */ = {isa = PBXFileReference; indentWidth = 4; lastKnownFileType = sourcecode.swift; path = SceneDelegate.swift; sourceTree = "<group>"; tabWidth = 4; };
		7D72DACB2C1ED15A0066D073 /* ViewController.swift */ = {isa = PBXFileReference; indentWidth = 4; lastKnownFileType = sourcecode.swift; path = ViewController.swift; sourceTree = "<group>"; tabWidth = 4; };
		7D72DAD02C1ED15B0066D073 /* Assets.xcassets */ = {isa = PBXFileReference; lastKnownFileType = folder.assetcatalog; path = Assets.xcassets; sourceTree = "<group>"; };
		7D72DAD32C1ED15B0066D073 /* Base */ = {isa = PBXFileReference; lastKnownFileType = file.storyboard; name = Base; path = Base.lproj/LaunchScreen.storyboard; sourceTree = "<group>"; };
		7D72DAD52C1ED15B0066D073 /* Info.plist */ = {isa = PBXFileReference; lastKnownFileType = text.plist.xml; path = Info.plist; sourceTree = "<group>"; };
		7D843C372C21C85A00020949 /* FiltersViewController.swift */ = {isa = PBXFileReference; indentWidth = 4; lastKnownFileType = sourcecode.swift; path = FiltersViewController.swift; sourceTree = "<group>"; tabWidth = 4; };
		7DAF5EE42C1F19F900B56F88 /* ItemCell.swift */ = {isa = PBXFileReference; indentWidth = 4; lastKnownFileType = sourcecode.swift; path = ItemCell.swift; sourceTree = "<group>"; tabWidth = 4; };
		7DAF5EE92C1F2CBC00B56F88 /* DetailsViewController.swift */ = {isa = PBXFileReference; indentWidth = 4; lastKnownFileType = sourcecode.swift; path = DetailsViewController.swift; sourceTree = "<group>"; tabWidth = 4; };
/* End PBXFileReference section */

/* Begin PBXFrameworksBuildPhase section */
		7D72DAC12C1ED15A0066D073 /* Frameworks */ = {
			isa = PBXFrameworksBuildPhase;
			buildActionMask = 2147483647;
			files = (
				7DAF5EED2C1F3F7400B56F88 /* RxCocoa in Frameworks */,
			);
			runOnlyForDeploymentPostprocessing = 0;
		};
/* End PBXFrameworksBuildPhase section */

/* Begin PBXGroup section */
		7D72DABB2C1ED15A0066D073 = {
			isa = PBXGroup;
			children = (
				7D72DAC62C1ED15A0066D073 /* FRPSummerSchool */,
				7D72DAC52C1ED15A0066D073 /* Products */,
			);
			sourceTree = "<group>";
		};
		7D72DAC52C1ED15A0066D073 /* Products */ = {
			isa = PBXGroup;
			children = (
				7D72DAC42C1ED15A0066D073 /* FRPSummerSchool.app */,
			);
			name = Products;
			sourceTree = "<group>";
		};
		7D72DAC62C1ED15A0066D073 /* FRPSummerSchool */ = {
			isa = PBXGroup;
			children = (
				7D72DAC72C1ED15A0066D073 /* AppDelegate.swift */,
				7D72DAC92C1ED15A0066D073 /* SceneDelegate.swift */,
				7D72DACB2C1ED15A0066D073 /* ViewController.swift */,
				7D6F8C372C1F09A8005EAA8A /* Stock.swift */,
				7D6F8C392C1F0A64005EAA8A /* Storage.swift */,
				7D6F8C3B2C1F0A95005EAA8A /* Network.swift */,
				7DAF5EE42C1F19F900B56F88 /* ItemCell.swift */,
				7DAF5EE92C1F2CBC00B56F88 /* DetailsViewController.swift */,
				7D843C372C21C85A00020949 /* FiltersViewController.swift */,
				7D72DAD02C1ED15B0066D073 /* Assets.xcassets */,
				7D72DAD22C1ED15B0066D073 /* LaunchScreen.storyboard */,
				7D72DAD52C1ED15B0066D073 /* Info.plist */,
			);
			path = FRPSummerSchool;
			sourceTree = "<group>";
		};
/* End PBXGroup section */

/* Begin PBXNativeTarget section */
		7D72DAC32C1ED15A0066D073 /* FRPSummerSchool */ = {
			isa = PBXNativeTarget;
			buildConfigurationList = 7D72DAD82C1ED15B0066D073 /* Build configuration list for PBXNativeTarget "FRPSummerSchool" */;
			buildPhases = (
				7D72DAC02C1ED15A0066D073 /* Sources */,
				7D72DAC12C1ED15A0066D073 /* Frameworks */,
				7D72DAC22C1ED15A0066D073 /* Resources */,
			);
			buildRules = (
			);
			dependencies = (
			);
			name = FRPSummerSchool;
			packageProductDependencies = (
				7DAF5EEC2C1F3F7400B56F88 /* RxCocoa */,
			);
			productName = FRPSummerSchool;
			productReference = 7D72DAC42C1ED15A0066D073 /* FRPSummerSchool.app */;
			productType = "com.apple.product-type.application";
		};
/* End PBXNativeTarget section */

/* Begin PBXProject section */
		7D72DABC2C1ED15A0066D073 /* Project object */ = {
			isa = PBXProject;
			attributes = {
				BuildIndependentTargetsInParallel = 1;
				LastSwiftUpdateCheck = 1520;
				LastUpgradeCheck = 1520;
				TargetAttributes = {
					7D72DAC32C1ED15A0066D073 = {
						CreatedOnToolsVersion = 15.2;
					};
				};
			};
			buildConfigurationList = 7D72DABF2C1ED15A0066D073 /* Build configuration list for PBXProject "FRPSummerSchool" */;
			compatibilityVersion = "Xcode 14.0";
			developmentRegion = en;
			hasScannedForEncodings = 0;
			knownRegions = (
				en,
				Base,
			);
			mainGroup = 7D72DABB2C1ED15A0066D073;
			packageReferences = (
				7DAF5EEB2C1F3F7400B56F88 /* XCRemoteSwiftPackageReference "RxSwift" */,
			);
			productRefGroup = 7D72DAC52C1ED15A0066D073 /* Products */;
			projectDirPath = "";
			projectRoot = "";
			targets = (
				7D72DAC32C1ED15A0066D073 /* FRPSummerSchool */,
			);
		};
/* End PBXProject section */

/* Begin PBXResourcesBuildPhase section */
		7D72DAC22C1ED15A0066D073 /* Resources */ = {
			isa = PBXResourcesBuildPhase;
			buildActionMask = 2147483647;
			files = (
				7D72DAD42C1ED15B0066D073 /* LaunchScreen.storyboard in Resources */,
				7D72DAD12C1ED15B0066D073 /* Assets.xcassets in Resources */,
			);
			runOnlyForDeploymentPostprocessing = 0;
		};
/* End PBXResourcesBuildPhase section */

/* Begin PBXSourcesBuildPhase section */
		7D72DAC02C1ED15A0066D073 /* Sources */ = {
			isa = PBXSourcesBuildPhase;
			buildActionMask = 2147483647;
			files = (
				7DAF5EEA2C1F2CBC00B56F88 /* DetailsViewController.swift in Sources */,
				7D6F8C382C1F09A8005EAA8A /* Stock.swift in Sources */,
				7D72DACC2C1ED15A0066D073 /* ViewController.swift in Sources */,
				7D843C382C21C85A00020949 /* FiltersViewController.swift in Sources */,
				7D6F8C3C2C1F0A95005EAA8A /* Network.swift in Sources */,
				7D72DAC82C1ED15A0066D073 /* AppDelegate.swift in Sources */,
				7DAF5EE52C1F19F900B56F88 /* ItemCell.swift in Sources */,
				7D72DACA2C1ED15A0066D073 /* SceneDelegate.swift in Sources */,
				7D6F8C3A2C1F0A64005EAA8A /* Storage.swift in Sources */,
			);
			runOnlyForDeploymentPostprocessing = 0;
		};
/* End PBXSourcesBuildPhase section */

/* Begin PBXVariantGroup section */
		7D72DAD22C1ED15B0066D073 /* LaunchScreen.storyboard */ = {
			isa = PBXVariantGroup;
			children = (
				7D72DAD32C1ED15B0066D073 /* Base */,
			);
			name = LaunchScreen.storyboard;
			sourceTree = "<group>";
		};
/* End PBXVariantGroup section */

/* Begin XCBuildConfiguration section */
		7D72DAD62C1ED15B0066D073 /* Debug */ = {
			isa = XCBuildConfiguration;
			buildSettings = {
				ALWAYS_SEARCH_USER_PATHS = NO;
				ASSETCATALOG_COMPILER_GENERATE_SWIFT_ASSET_SYMBOL_EXTENSIONS = YES;
				CLANG_ANALYZER_NONNULL = YES;
				CLANG_ANALYZER_NUMBER_OBJECT_CONVERSION = YES_AGGRESSIVE;
				CLANG_CXX_LANGUAGE_STANDARD = "gnu++20";
				CLANG_ENABLE_MODULES = YES;
				CLANG_ENABLE_OBJC_ARC = YES;
				CLANG_ENABLE_OBJC_WEAK = YES;
				CLANG_WARN_BLOCK_CAPTURE_AUTORELEASING = YES;
				CLANG_WARN_BOOL_CONVERSION = YES;
				CLANG_WARN_COMMA = YES;
				CLANG_WARN_CONSTANT_CONVERSION = YES;
				CLANG_WARN_DEPRECATED_OBJC_IMPLEMENTATIONS = YES;
				CLANG_WARN_DIRECT_OBJC_ISA_USAGE = YES_ERROR;
				CLANG_WARN_DOCUMENTATION_COMMENTS = YES;
				CLANG_WARN_EMPTY_BODY = YES;
				CLANG_WARN_ENUM_CONVERSION = YES;
				CLANG_WARN_INFINITE_RECURSION = YES;
				CLANG_WARN_INT_CONVERSION = YES;
				CLANG_WARN_NON_LITERAL_NULL_CONVERSION = YES;
				CLANG_WARN_OBJC_IMPLICIT_RETAIN_SELF = YES;
				CLANG_WARN_OBJC_LITERAL_CONVERSION = YES;
				CLANG_WARN_OBJC_ROOT_CLASS = YES_ERROR;
				CLANG_WARN_QUOTED_INCLUDE_IN_FRAMEWORK_HEADER = YES;
				CLANG_WARN_RANGE_LOOP_ANALYSIS = YES;
				CLANG_WARN_STRICT_PROTOTYPES = YES;
				CLANG_WARN_SUSPICIOUS_MOVE = YES;
				CLANG_WARN_UNGUARDED_AVAILABILITY = YES_AGGRESSIVE;
				CLANG_WARN_UNREACHABLE_CODE = YES;
				CLANG_WARN__DUPLICATE_METHOD_MATCH = YES;
				COPY_PHASE_STRIP = NO;
				DEBUG_INFORMATION_FORMAT = dwarf;
				ENABLE_STRICT_OBJC_MSGSEND = YES;
				ENABLE_TESTABILITY = YES;
				ENABLE_USER_SCRIPT_SANDBOXING = YES;
				GCC_C_LANGUAGE_STANDARD = gnu17;
				GCC_DYNAMIC_NO_PIC = NO;
				GCC_NO_COMMON_BLOCKS = YES;
				GCC_OPTIMIZATION_LEVEL = 0;
				GCC_PREPROCESSOR_DEFINITIONS = (
					"DEBUG=1",
					"$(inherited)",
				);
				GCC_WARN_64_TO_32_BIT_CONVERSION = YES;
				GCC_WARN_ABOUT_RETURN_TYPE = YES_ERROR;
				GCC_WARN_UNDECLARED_SELECTOR = YES;
				GCC_WARN_UNINITIALIZED_AUTOS = YES_AGGRESSIVE;
				GCC_WARN_UNUSED_FUNCTION = YES;
				GCC_WARN_UNUSED_VARIABLE = YES;
				IPHONEOS_DEPLOYMENT_TARGET = 17.0;
				LOCALIZATION_PREFERS_STRING_CATALOGS = YES;
				MTL_ENABLE_DEBUG_INFO = INCLUDE_SOURCE;
				MTL_FAST_MATH = YES;
				ONLY_ACTIVE_ARCH = YES;
				SDKROOT = iphoneos;
				SWIFT_ACTIVE_COMPILATION_CONDITIONS = "DEBUG $(inherited)";
				SWIFT_OPTIMIZATION_LEVEL = "-Onone";
			};
			name = Debug;
		};
		7D72DAD72C1ED15B0066D073 /* Release */ = {
			isa = XCBuildConfiguration;
			buildSettings = {
				ALWAYS_SEARCH_USER_PATHS = NO;
				ASSETCATALOG_COMPILER_GENERATE_SWIFT_ASSET_SYMBOL_EXTENSIONS = YES;
				CLANG_ANALYZER_NONNULL = YES;
				CLANG_ANALYZER_NUMBER_OBJECT_CONVERSION = YES_AGGRESSIVE;
				CLANG_CXX_LANGUAGE_STANDARD = "gnu++20";
				CLANG_ENABLE_MODULES = YES;
				CLANG_ENABLE_OBJC_ARC = YES;
				CLANG_ENABLE_OBJC_WEAK = YES;
				CLANG_WARN_BLOCK_CAPTURE_AUTORELEASING = YES;
				CLANG_WARN_BOOL_CONVERSION = YES;
				CLANG_WARN_COMMA = YES;
				CLANG_WARN_CONSTANT_CONVERSION = YES;
				CLANG_WARN_DEPRECATED_OBJC_IMPLEMENTATIONS = YES;
				CLANG_WARN_DIRECT_OBJC_ISA_USAGE = YES_ERROR;
				CLANG_WARN_DOCUMENTATION_COMMENTS = YES;
				CLANG_WARN_EMPTY_BODY = YES;
				CLANG_WARN_ENUM_CONVERSION = YES;
				CLANG_WARN_INFINITE_RECURSION = YES;
				CLANG_WARN_INT_CONVERSION = YES;
				CLANG_WARN_NON_LITERAL_NULL_CONVERSION = YES;
				CLANG_WARN_OBJC_IMPLICIT_RETAIN_SELF = YES;
				CLANG_WARN_OBJC_LITERAL_CONVERSION = YES;
				CLANG_WARN_OBJC_ROOT_CLASS = YES_ERROR;
				CLANG_WARN_QUOTED_INCLUDE_IN_FRAMEWORK_HEADER = YES;
				CLANG_WARN_RANGE_LOOP_ANALYSIS = YES;
				CLANG_WARN_STRICT_PROTOTYPES = YES;
				CLANG_WARN_SUSPICIOUS_MOVE = YES;
				CLANG_WARN_UNGUARDED_AVAILABILITY = YES_AGGRESSIVE;
				CLANG_WARN_UNREACHABLE_CODE = YES;
				CLANG_WARN__DUPLICATE_METHOD_MATCH = YES;
				COPY_PHASE_STRIP = NO;
				DEBUG_INFORMATION_FORMAT = "dwarf-with-dsym";
				ENABLE_NS_ASSERTIONS = NO;
				ENABLE_STRICT_OBJC_MSGSEND = YES;
				ENABLE_USER_SCRIPT_SANDBOXING = YES;
				GCC_C_LANGUAGE_STANDARD = gnu17;
				GCC_NO_COMMON_BLOCKS = YES;
				GCC_WARN_64_TO_32_BIT_CONVERSION = YES;
				GCC_WARN_ABOUT_RETURN_TYPE = YES_ERROR;
				GCC_WARN_UNDECLARED_SELECTOR = YES;
				GCC_WARN_UNINITIALIZED_AUTOS = YES_AGGRESSIVE;
				GCC_WARN_UNUSED_FUNCTION = YES;
				GCC_WARN_UNUSED_VARIABLE = YES;
				IPHONEOS_DEPLOYMENT_TARGET = 17.0;
				LOCALIZATION_PREFERS_STRING_CATALOGS = YES;
				MTL_ENABLE_DEBUG_INFO = NO;
				MTL_FAST_MATH = YES;
				SDKROOT = iphoneos;
				SWIFT_COMPILATION_MODE = wholemodule;
				VALIDATE_PRODUCT = YES;
			};
			name = Release;
		};
		7D72DAD92C1ED15B0066D073 /* Debug */ = {
			isa = XCBuildConfiguration;
			buildSettings = {
				ASSETCATALOG_COMPILER_APPICON_NAME = AppIcon;
				ASSETCATALOG_COMPILER_GLOBAL_ACCENT_COLOR_NAME = AccentColor;
				CODE_SIGN_STYLE = Automatic;
				CURRENT_PROJECT_VERSION = 1;
				DEVELOPMENT_TEAM = 65HCRGU5FA;
				GENERATE_INFOPLIST_FILE = YES;
				INFOPLIST_FILE = FRPSummerSchool/Info.plist;
				INFOPLIST_KEY_UIApplicationSupportsIndirectInputEvents = YES;
				INFOPLIST_KEY_UILaunchStoryboardName = LaunchScreen;
				INFOPLIST_KEY_UISupportedInterfaceOrientations = UIInterfaceOrientationPortrait;
				IPHONEOS_DEPLOYMENT_TARGET = 17.0;
				LD_RUNPATH_SEARCH_PATHS = (
					"$(inherited)",
					"@executable_path/Frameworks",
				);
				MARKETING_VERSION = 1.0;
				PRODUCT_BUNDLE_IDENTIFIER = com.lazykek.FRPSummerSchool;
				PRODUCT_NAME = "$(TARGET_NAME)";
				SUPPORTED_PLATFORMS = "iphoneos iphonesimulator";
				SUPPORTS_MACCATALYST = NO;
				SUPPORTS_MAC_DESIGNED_FOR_IPHONE_IPAD = NO;
				SUPPORTS_XR_DESIGNED_FOR_IPHONE_IPAD = NO;
				SWIFT_EMIT_LOC_STRINGS = YES;
				SWIFT_VERSION = 5.0;
				TARGETED_DEVICE_FAMILY = 1;
			};
			name = Debug;
		};
		7D72DADA2C1ED15B0066D073 /* Release */ = {
			isa = XCBuildConfiguration;
			buildSettings = {
				ASSETCATALOG_COMPILER_APPICON_NAME = AppIcon;
				ASSETCATALOG_COMPILER_GLOBAL_ACCENT_COLOR_NAME = AccentColor;
				CODE_SIGN_STYLE = Automatic;
				CURRENT_PROJECT_VERSION = 1;
				DEVELOPMENT_TEAM = 65HCRGU5FA;
				GENERATE_INFOPLIST_FILE = YES;
				INFOPLIST_FILE = FRPSummerSchool/Info.plist;
				INFOPLIST_KEY_UIApplicationSupportsIndirectInputEvents = YES;
				INFOPLIST_KEY_UILaunchStoryboardName = LaunchScreen;
				INFOPLIST_KEY_UISupportedInterfaceOrientations = UIInterfaceOrientationPortrait;
				IPHONEOS_DEPLOYMENT_TARGET = 17.0;
				LD_RUNPATH_SEARCH_PATHS = (
					"$(inherited)",
					"@executable_path/Frameworks",
				);
				MARKETING_VERSION = 1.0;
				PRODUCT_BUNDLE_IDENTIFIER = com.lazykek.FRPSummerSchool;
				PRODUCT_NAME = "$(TARGET_NAME)";
				SUPPORTED_PLATFORMS = "iphoneos iphonesimulator";
				SUPPORTS_MACCATALYST = NO;
				SUPPORTS_MAC_DESIGNED_FOR_IPHONE_IPAD = NO;
				SUPPORTS_XR_DESIGNED_FOR_IPHONE_IPAD = NO;
				SWIFT_EMIT_LOC_STRINGS = YES;
				SWIFT_VERSION = 5.0;
				TARGETED_DEVICE_FAMILY = 1;
			};
			name = Release;
		};
/* End XCBuildConfiguration section */

/* Begin XCConfigurationList section */
		7D72DABF2C1ED15A0066D073 /* Build configuration list for PBXProject "FRPSummerSchool" */ = {
			isa = XCConfigurationList;
			buildConfigurations = (
				7D72DAD62C1ED15B0066D073 /* Debug */,
				7D72DAD72C1ED15B0066D073 /* Release */,
			);
			defaultConfigurationIsVisible = 0;
			defaultConfigurationName = Release;
		};
		7D72DAD82C1ED15B0066D073 /* Build configuration list for PBXNativeTarget "FRPSummerSchool" */ = {
			isa = XCConfigurationList;
			buildConfigurations = (
				7D72DAD92C1ED15B0066D073 /* Debug */,
				7D72DADA2C1ED15B0066D073 /* Release */,
			);
			defaultConfigurationIsVisible = 0;
			defaultConfigurationName = Release;
		};
/* End XCConfigurationList section */

/* Begin XCRemoteSwiftPackageReference section */
		7DAF5EEB2C1F3F7400B56F88 /* XCRemoteSwiftPackageReference "RxSwift" */ = {
			isa = XCRemoteSwiftPackageReference;
			repositoryURL = "https://github.com/ReactiveX/RxSwift";
			requirement = {
				kind = upToNextMajorVersion;
				minimumVersion = 6.7.1;
			};
		};
/* End XCRemoteSwiftPackageReference section */

/* Begin XCSwiftPackageProductDependency section */
		7DAF5EEC2C1F3F7400B56F88 /* RxCocoa */ = {
			isa = XCSwiftPackageProductDependency;
			package = 7DAF5EEB2C1F3F7400B56F88 /* XCRemoteSwiftPackageReference "RxSwift" */;
			productName = RxCocoa;
		};
/* End XCSwiftPackageProductDependency section */
	};
	rootObject = 7D72DABC2C1ED15A0066D073 /* Project object */;
}
